
Microsoft Visual Studio Solution File, Format Version 12.00
# Visual Studio Version 17
VisualStudioVersion = 17.8.34322.80
MinimumVisualStudioVersion = 10.0.40219.1
Project("{9A19103F-16F7-4668-BE54-9A1E7A4F7556}") = "Day10", "Day10\Day10.csproj", "{9EF72A90-F498-4D54-A13E-C2363D4AE434}"
EndProject
Project("{9A19103F-16F7-4668-BE54-9A1E7A4F7556}") = "Day11", "Day11\Day11.csproj", "{C7851137-6A88-4AB3-B531-3CD50B49A3C2}"
EndProject
Project("{9A19103F-16F7-4668-BE54-9A1E7A4F7556}") = "Day01", "Day01\Day01.csproj", "{2F2BD725-EDE0-401F-9FAD-8F7E827D6D07}"
EndProject
Project("{9A19103F-16F7-4668-BE54-9A1E7A4F7556}") = "Day02", "Day02\Day02.csproj", "{BCB8431F-B0AA-47D9-B7D9-685B46341C83}"
EndProject
Project("{9A19103F-16F7-4668-BE54-9A1E7A4F7556}") = "Day03", "Day03\Day03.csproj", "{D8A8A261-AC44-4A0E-BE82-51CD7B69F03B}"
EndProject
Project("{9A19103F-16F7-4668-BE54-9A1E7A4F7556}") = "Day04", "Day04\Day04.csproj", "{20027484-75BE-4835-8C94-B8A43D346B22}"
EndProject
Project("{9A19103F-16F7-4668-BE54-9A1E7A4F7556}") = "Day05", "Day05\Day05.csproj", "{61B07935-A486-4304-A264-75F23E657BB4}"
EndProject
Project("{9A19103F-16F7-4668-BE54-9A1E7A4F7556}") = "Day06", "Day06\Day06.csproj", "{0D8A9A62-E537-4797-8897-9AFDD4017026}"
EndProject
Project("{9A19103F-16F7-4668-BE54-9A1E7A4F7556}") = "Day07", "Day07\Day07.csproj", "{572148E3-00FB-4EC6-A48B-E3F67F06568E}"
EndProject
Project("{9A19103F-16F7-4668-BE54-9A1E7A4F7556}") = "Day08", "Day08\Day08.csproj", "{579F19EC-C701-4646-8E1A-A27692B230AD}"
EndProject
Project("{9A19103F-16F7-4668-BE54-9A1E7A4F7556}") = "Day09", "Day09\Day09.csproj", "{6FFF1D99-6FFB-472A-A460-9C9F80818869}"
EndProject
Project("{9A19103F-16F7-4668-BE54-9A1E7A4F7556}") = "Day12", "Day12\Day12.csproj", "{9CAEE9F6-64D8-45AB-A25F-D6E044C819D3}"
EndProject
Global
	GlobalSection(SolutionConfigurationPlatforms) = preSolution
		Debug|Any CPU = Debug|Any CPU
		Release|Any CPU = Release|Any CPU
	EndGlobalSection
	GlobalSection(ProjectConfigurationPlatforms) = postSolution
		{9EF72A90-F498-4D54-A13E-C2363D4AE434}.Debug|Any CPU.ActiveCfg = Debug|Any CPU
		{9EF72A90-F498-4D54-A13E-C2363D4AE434}.Debug|Any CPU.Build.0 = Debug|Any CPU
		{9EF72A90-F498-4D54-A13E-C2363D4AE434}.Release|Any CPU.ActiveCfg = Release|Any CPU
		{9EF72A90-F498-4D54-A13E-C2363D4AE434}.Release|Any CPU.Build.0 = Release|Any CPU
		{C7851137-6A88-4AB3-B531-3CD50B49A3C2}.Debug|Any CPU.ActiveCfg = Debug|Any CPU
		{C7851137-6A88-4AB3-B531-3CD50B49A3C2}.Debug|Any CPU.Build.0 = Debug|Any CPU
		{C7851137-6A88-4AB3-B531-3CD50B49A3C2}.Release|Any CPU.ActiveCfg = Release|Any CPU
		{C7851137-6A88-4AB3-B531-3CD50B49A3C2}.Release|Any CPU.Build.0 = Release|Any CPU
		{2F2BD725-EDE0-401F-9FAD-8F7E827D6D07}.Debug|Any CPU.ActiveCfg = Debug|Any CPU
		{2F2BD725-EDE0-401F-9FAD-8F7E827D6D07}.Debug|Any CPU.Build.0 = Debug|Any CPU
		{2F2BD725-EDE0-401F-9FAD-8F7E827D6D07}.Release|Any CPU.ActiveCfg = Release|Any CPU
		{2F2BD725-EDE0-401F-9FAD-8F7E827D6D07}.Release|Any CPU.Build.0 = Release|Any CPU
		{BCB8431F-B0AA-47D9-B7D9-685B46341C83}.Debug|Any CPU.ActiveCfg = Debug|Any CPU
		{BCB8431F-B0AA-47D9-B7D9-685B46341C83}.Debug|Any CPU.Build.0 = Debug|Any CPU
		{BCB8431F-B0AA-47D9-B7D9-685B46341C83}.Release|Any CPU.ActiveCfg = Release|Any CPU
		{BCB8431F-B0AA-47D9-B7D9-685B46341C83}.Release|Any CPU.Build.0 = Release|Any CPU
		{D8A8A261-AC44-4A0E-BE82-51CD7B69F03B}.Debug|Any CPU.ActiveCfg = Debug|Any CPU
		{D8A8A261-AC44-4A0E-BE82-51CD7B69F03B}.Debug|Any CPU.Build.0 = Debug|Any CPU
		{D8A8A261-AC44-4A0E-BE82-51CD7B69F03B}.Release|Any CPU.ActiveCfg = Release|Any CPU
		{D8A8A261-AC44-4A0E-BE82-51CD7B69F03B}.Release|Any CPU.Build.0 = Release|Any CPU
		{20027484-75BE-4835-8C94-B8A43D346B22}.Debug|Any CPU.ActiveCfg = Debug|Any CPU
		{20027484-75BE-4835-8C94-B8A43D346B22}.Debug|Any CPU.Build.0 = Debug|Any CPU
		{20027484-75BE-4835-8C94-B8A43D346B22}.Release|Any CPU.ActiveCfg = Release|Any CPU
		{20027484-75BE-4835-8C94-B8A43D346B22}.Release|Any CPU.Build.0 = Release|Any CPU
		{61B07935-A486-4304-A264-75F23E657BB4}.Debug|Any CPU.ActiveCfg = Debug|Any CPU
		{61B07935-A486-4304-A264-75F23E657BB4}.Debug|Any CPU.Build.0 = Debug|Any CPU
		{61B07935-A486-4304-A264-75F23E657BB4}.Release|Any CPU.ActiveCfg = Release|Any CPU
		{61B07935-A486-4304-A264-75F23E657BB4}.Release|Any CPU.Build.0 = Release|Any CPU
		{0D8A9A62-E537-4797-8897-9AFDD4017026}.Debug|Any CPU.ActiveCfg = Debug|Any CPU
		{0D8A9A62-E537-4797-8897-9AFDD4017026}.Debug|Any CPU.Build.0 = Debug|Any CPU
		{0D8A9A62-E537-4797-8897-9AFDD4017026}.Release|Any CPU.ActiveCfg = Release|Any CPU
		{0D8A9A62-E537-4797-8897-9AFDD4017026}.Release|Any CPU.Build.0 = Release|Any CPU
		{572148E3-00FB-4EC6-A48B-E3F67F06568E}.Debug|Any CPU.ActiveCfg = Debug|Any CPU
		{572148E3-00FB-4EC6-A48B-E3F67F06568E}.Debug|Any CPU.Build.0 = Debug|Any CPU
		{572148E3-00FB-4EC6-A48B-E3F67F06568E}.Release|Any CPU.ActiveCfg = Release|Any CPU
		{572148E3-00FB-4EC6-A48B-E3F67F06568E}.Release|Any CPU.Build.0 = Release|Any CPU
		{579F19EC-C701-4646-8E1A-A27692B230AD}.Debug|Any CPU.ActiveCfg = Debug|Any CPU
		{579F19EC-C701-4646-8E1A-A27692B230AD}.Debug|Any CPU.Build.0 = Debug|Any CPU
		{579F19EC-C701-4646-8E1A-A27692B230AD}.Release|Any CPU.ActiveCfg = Release|Any CPU
		{579F19EC-C701-4646-8E1A-A27692B230AD}.Release|Any CPU.Build.0 = Release|Any CPU
		{6FFF1D99-6FFB-472A-A460-9C9F80818869}.Debug|Any CPU.ActiveCfg = Debug|Any CPU
		{6FFF1D99-6FFB-472A-A460-9C9F80818869}.Debug|Any CPU.Build.0 = Debug|Any CPU
		{6FFF1D99-6FFB-472A-A460-9C9F80818869}.Release|Any CPU.ActiveCfg = Release|Any CPU
		{6FFF1D99-6FFB-472A-A460-9C9F80818869}.Release|Any CPU.Build.0 = Release|Any CPU
		{9CAEE9F6-64D8-45AB-A25F-D6E044C819D3}.Debug|Any CPU.ActiveCfg = Debug|Any CPU
		{9CAEE9F6-64D8-45AB-A25F-D6E044C819D3}.Debug|Any CPU.Build.0 = Debug|Any CPU
		{9CAEE9F6-64D8-45AB-A25F-D6E044C819D3}.Release|Any CPU.ActiveCfg = Release|Any CPU
		{9CAEE9F6-64D8-45AB-A25F-D6E044C819D3}.Release|Any CPU.Build.0 = Release|Any CPU
	EndGlobalSection
	GlobalSection(SolutionProperties) = preSolution
		HideSolutionNode = FALSE
	EndGlobalSection
	GlobalSection(ExtensibilityGlobals) = postSolution
		SolutionGuid = {9AA3C185-141C-45FD-BBD1-6B27A3B0A57C}
	EndGlobalSection
EndGlobal
