
Microsoft Visual Studio Solution File, Format Version 12.00
# Visual Studio Version 17
VisualStudioVersion = 17.8.34322.80
MinimumVisualStudioVersion = 10.0.40219.1
Project("{9A19103F-16F7-4668-BE54-9A1E7A4F7556}") = "Day1", "Day1\Day1.csproj", "{C5924108-58A9-4A3B-BAB1-2BE441C2E270}"
EndProject
Project("{9A19103F-16F7-4668-BE54-9A1E7A4F7556}") = "Day2", "Day2\Day2.csproj", "{CCB2A21B-0F0B-467C-A53C-36785042FAD5}"
EndProject
Project("{9A19103F-16F7-4668-BE54-9A1E7A4F7556}") = "Day3", "Day3\Day3.csproj", "{AFAE13AF-8094-4106-BE9E-127B69DBFB60}"
EndProject
Project("{9A19103F-16F7-4668-BE54-9A1E7A4F7556}") = "Day4", "Day4\Day4.csproj", "{9F273971-ABE7-4DE2-B7A9-D8F40ED71ED2}"
EndProject
Global
	GlobalSection(SolutionConfigurationPlatforms) = preSolution
		Debug|Any CPU = Debug|Any CPU
		Release|Any CPU = Release|Any CPU
	EndGlobalSection
	GlobalSection(ProjectConfigurationPlatforms) = postSolution
		{C5924108-58A9-4A3B-BAB1-2BE441C2E270}.Debug|Any CPU.ActiveCfg = Debug|Any CPU
		{C5924108-58A9-4A3B-BAB1-2BE441C2E270}.Debug|Any CPU.Build.0 = Debug|Any CPU
		{C5924108-58A9-4A3B-BAB1-2BE441C2E270}.Release|Any CPU.ActiveCfg = Release|Any CPU
		{C5924108-58A9-4A3B-BAB1-2BE441C2E270}.Release|Any CPU.Build.0 = Release|Any CPU
		{CCB2A21B-0F0B-467C-A53C-36785042FAD5}.Debug|Any CPU.ActiveCfg = Debug|Any CPU
		{CCB2A21B-0F0B-467C-A53C-36785042FAD5}.Debug|Any CPU.Build.0 = Debug|Any CPU
		{CCB2A21B-0F0B-467C-A53C-36785042FAD5}.Release|Any CPU.ActiveCfg = Release|Any CPU
		{CCB2A21B-0F0B-467C-A53C-36785042FAD5}.Release|Any CPU.Build.0 = Release|Any CPU
		{AFAE13AF-8094-4106-BE9E-127B69DBFB60}.Debug|Any CPU.ActiveCfg = Debug|Any CPU
		{AFAE13AF-8094-4106-BE9E-127B69DBFB60}.Debug|Any CPU.Build.0 = Debug|Any CPU
		{AFAE13AF-8094-4106-BE9E-127B69DBFB60}.Release|Any CPU.ActiveCfg = Release|Any CPU
		{AFAE13AF-8094-4106-BE9E-127B69DBFB60}.Release|Any CPU.Build.0 = Release|Any CPU
		{9F273971-ABE7-4DE2-B7A9-D8F40ED71ED2}.Debug|Any CPU.ActiveCfg = Debug|Any CPU
		{9F273971-ABE7-4DE2-B7A9-D8F40ED71ED2}.Debug|Any CPU.Build.0 = Debug|Any CPU
		{9F273971-ABE7-4DE2-B7A9-D8F40ED71ED2}.Release|Any CPU.ActiveCfg = Release|Any CPU
		{9F273971-ABE7-4DE2-B7A9-D8F40ED71ED2}.Release|Any CPU.Build.0 = Release|Any CPU
	EndGlobalSection
	GlobalSection(SolutionProperties) = preSolution
		HideSolutionNode = FALSE
	EndGlobalSection
	GlobalSection(ExtensibilityGlobals) = postSolution
		SolutionGuid = {9AA3C185-141C-45FD-BBD1-6B27A3B0A57C}
	EndGlobalSection
EndGlobal
